
Microsoft Visual Studio Solution File, Format Version 12.00
# Visual Studio 15
VisualStudioVersion = 15.0.27004.2005
MinimumVisualStudioVersion = 10.0.40219.1
Project("{8BC9CEB8-8B4A-11D0-8D11-00A0C91BC942}") = "hivemind", "hivemind\hivemind.vcxproj", "{3D1EC157-66C1-402E-8ADF-F0C74D43A7F5}"
EndProject
Project("{2150E333-8FDC-42A3-9474-1A3956D46DE8}") = "data", "data", "{23796E8C-E60A-455F-BB33-DAD217AC59E4}"
	ProjectSection(SolutionItems) = preProject
		data\abilities.json = data\abilities.json
		data\footprints.txt = data\footprints.txt
		data\stableid.json = data\stableid.json
		data\techtree.json = data\techtree.json
		data\units.json = data\units.json
	EndProjectSection
EndProject
Global
	GlobalSection(SolutionConfigurationPlatforms) = preSolution
		Debug|x64 = Debug|x64
		Release|x64 = Release|x64
	EndGlobalSection
	GlobalSection(ProjectConfigurationPlatforms) = postSolution
		{3D1EC157-66C1-402E-8ADF-F0C74D43A7F5}.Debug|x64.ActiveCfg = Debug|x64
		{3D1EC157-66C1-402E-8ADF-F0C74D43A7F5}.Debug|x64.Build.0 = Debug|x64
		{3D1EC157-66C1-402E-8ADF-F0C74D43A7F5}.Release|x64.ActiveCfg = Release|x64
		{3D1EC157-66C1-402E-8ADF-F0C74D43A7F5}.Release|x64.Build.0 = Release|x64
	EndGlobalSection
	GlobalSection(SolutionProperties) = preSolution
		HideSolutionNode = FALSE
	EndGlobalSection
	GlobalSection(ExtensibilityGlobals) = postSolution
		SolutionGuid = {B0185178-AECE-4BBD-AFC6-6435F572AD2C}
	EndGlobalSection
EndGlobal
