<?xml version="1.0" encoding="utf-8"?>
<Project ToolsVersion="4.0" xmlns="http://schemas.microsoft.com/developer/msbuild/2003">
  <ItemGroup>
    <Filter Include="Source Files">
      <UniqueIdentifier>{4FC737F1-C7A5-4376-A066-2A32D752A2FF}</UniqueIdentifier>
      <Extensions>cpp;c;cc;cxx;def;odl;idl;hpj;bat;asm;asmx</Extensions>
    </Filter>
    <Filter Include="Header Files">
      <UniqueIdentifier>{93995380-89BD-4b04-88EB-625FBE52EBFB}</UniqueIdentifier>
      <Extensions>h;hh;hpp;hxx;hm;inl;inc;xsd</Extensions>
    </Filter>
    <Filter Include="Resource Files">
      <UniqueIdentifier>{67DA6AB6-F800-4c08-8B7A-83BB121AAD01}</UniqueIdentifier>
      <Extensions>rc;ico;cur;bmp;dlg;rc2;rct;bin;rgs;gif;jpg;jpeg;jpe;resx;tiff;tif;png;wav;mfcribbon-ms</Extensions>
    </Filter>
    <Filter Include="Header Files\Math">
      <UniqueIdentifier>{53800d4c-c5c2-4f32-9e90-92c9d2d7448b}</UniqueIdentifier>
    </Filter>
    <Filter Include="Header Files\Algorithm">
      <UniqueIdentifier>{4637cbcf-8bc7-4af9-b3d7-7f8c3ebbe870}</UniqueIdentifier>
    </Filter>
    <Filter Include="Header Files\AI Primitives">
      <UniqueIdentifier>{bc585921-7e93-4d4c-b1f0-6d34d4d92146}</UniqueIdentifier>
    </Filter>
    <Filter Include="Header Files\Primitives">
      <UniqueIdentifier>{89228b26-37dd-4895-9fd0-9e1f8db798b6}</UniqueIdentifier>
    </Filter>
    <Filter Include="Header Files\Systems">
      <UniqueIdentifier>{4d120a38-7823-40b1-94fd-52c599b1e907}</UniqueIdentifier>
    </Filter>
    <Filter Include="Header Files\Map">
      <UniqueIdentifier>{76fe6ba0-5561-44cf-bbcc-f67a8e1c7012}</UniqueIdentifier>
    </Filter>
    <Filter Include="Header Files\Utilities">
      <UniqueIdentifier>{462cf7bf-b2d0-4e7f-813b-6c2dab79f64e}</UniqueIdentifier>
    </Filter>
    <Filter Include="Source Files\AI Primitives">
      <UniqueIdentifier>{7cab80b7-6e2b-430d-853a-7a5bf4b8f096}</UniqueIdentifier>
    </Filter>
    <Filter Include="Source Files\Algorithm">
      <UniqueIdentifier>{0dbf64ae-4f02-4e92-ab86-fda0175de56c}</UniqueIdentifier>
    </Filter>
    <Filter Include="Source Files\Systems">
      <UniqueIdentifier>{9196863c-5f4d-4d3f-8f35-d3ae6af1653d}</UniqueIdentifier>
    </Filter>
    <Filter Include="Source Files\Utilities">
      <UniqueIdentifier>{0d15df2e-a2ce-49f8-8ad8-701feeb4d1b0}</UniqueIdentifier>
    </Filter>
    <Filter Include="Source Files\Brain">
      <UniqueIdentifier>{9a34a9bf-d7ae-45fb-855b-85f5d075af48}</UniqueIdentifier>
    </Filter>
    <Filter Include="Source Files\Brain\Map">
      <UniqueIdentifier>{f4e1f4b9-b533-4735-bbdf-84c6c9243e83}</UniqueIdentifier>
    </Filter>
    <Filter Include="SC2API">
      <UniqueIdentifier>{c86f3781-d01d-4388-b13c-e41d4a98decb}</UniqueIdentifier>
    </Filter>
  </ItemGroup>
  <ItemGroup>
    <ClInclude Include="include\bot.h">
      <Filter>Header Files</Filter>
    </ClInclude>
    <ClInclude Include="include\hive_math.h">
      <Filter>Header Files\Math</Filter>
    </ClInclude>
    <ClInclude Include="include\hive_polygon.h">
      <Filter>Header Files\Math</Filter>
    </ClInclude>
    <ClInclude Include="include\hive_vector2.h">
      <Filter>Header Files\Math</Filter>
    </ClInclude>
    <ClInclude Include="include\ai_agent.h">
      <Filter>Header Files\AI Primitives</Filter>
    </ClInclude>
    <ClInclude Include="include\ai_goals.h">
      <Filter>Header Files\AI Primitives</Filter>
    </ClInclude>
    <ClInclude Include="include\ai_statemachines.h">
      <Filter>Header Files\AI Primitives</Filter>
    </ClInclude>
    <ClInclude Include="include\blob_algo.h">
      <Filter>Header Files\Algorithm</Filter>
    </ClInclude>
    <ClInclude Include="include\hive_array2.h">
      <Filter>Header Files\Primitives</Filter>
    </ClInclude>
    <ClInclude Include="include\hive_types.h">
      <Filter>Header Files\Primitives</Filter>
    </ClInclude>
    <ClInclude Include="include\console.h">
      <Filter>Header Files\Systems</Filter>
    </ClInclude>
    <ClInclude Include="include\messaging.h">
      <Filter>Header Files\Systems</Filter>
    </ClInclude>
    <ClInclude Include="include\player.h">
      <Filter>Header Files\Systems</Filter>
    </ClInclude>
    <ClInclude Include="include\subsystem.h">
      <Filter>Header Files\Systems</Filter>
    </ClInclude>
    <ClInclude Include="include\map_analysis.h">
      <Filter>Header Files\Map</Filter>
    </ClInclude>
    <ClInclude Include="include\map.h">
      <Filter>Header Files\Map</Filter>
    </ClInclude>
    <ClInclude Include="include\workers.h">
      <Filter>Header Files\Systems</Filter>
    </ClInclude>
    <ClInclude Include="include\utilities.h">
      <Filter>Header Files\Utilities</Filter>
    </ClInclude>
    <ClInclude Include="include\sc2_forward.h">
      <Filter>Header Files\Primitives</Filter>
    </ClInclude>
    <ClInclude Include="include\brain.h">
      <Filter>Header Files\Systems</Filter>
    </ClInclude>
    <ClInclude Include="include\stdafx.h">
      <Filter>Header Files</Filter>
    </ClInclude>
    <ClInclude Include="include\targetver.h">
      <Filter>Header Files</Filter>
    </ClInclude>
    <ClInclude Include="include\exception.h">
      <Filter>Header Files\Utilities</Filter>
    </ClInclude>
    <ClInclude Include="include\distancemap.h">
      <Filter>Header Files\Algorithm</Filter>
    </ClInclude>
    <ClInclude Include="include\hive_vector3.h">
      <Filter>Header Files\Math</Filter>
    </ClInclude>
    <ClInclude Include="include\regiongraph.h">
      <Filter>Header Files\Map</Filter>
    </ClInclude>
    <ClInclude Include="include\hive_geometry.h">
      <Filter>Header Files\Math</Filter>
    </ClInclude>
    <ClInclude Include="include\hive_rect2.h">
      <Filter>Header Files\Math</Filter>
    </ClInclude>
    <ClInclude Include="include\baselocation.h">
      <Filter>Header Files\Systems</Filter>
    </ClInclude>
    <ClInclude Include="include\base.h">
      <Filter>Header Files\Systems</Filter>
    </ClInclude>
    <ClInclude Include="include\basemanager.h">
      <Filter>Header Files\Systems</Filter>
    </ClInclude>
    <ClInclude Include="include\intelligence.h">
      <Filter>Header Files\Systems</Filter>
    </ClInclude>
    <ClInclude Include="include\ai_fuzzy.h">
      <Filter>Header Files\AI Primitives</Filter>
    </ClInclude>
    <ClInclude Include="include\strategy.h">
      <Filter>Header Files\Systems</Filter>
    </ClInclude>
    <ClInclude Include="include\database.h">
      <Filter>Header Files</Filter>
    </ClInclude>
    <ClInclude Include="include\builder.h">
      <Filter>Header Files\Systems</Filter>
    </ClInclude>
    <ClInclude Include="include\external\clipper.hpp">
      <Filter>Header Files\Algorithm</Filter>
    </ClInclude>
    <ClInclude Include="include\debug.h">
      <Filter>Header Files\Utilities</Filter>
    </ClInclude>
    <ClInclude Include="include\trainer.h">
      <Filter>Header Files\Systems</Filter>
    </ClInclude>
    <ClInclude Include="include\brain_macro.h">
      <Filter>Header Files\Systems</Filter>
    </ClInclude>
    <ClInclude Include="..\..\SDK\s2client-api\include\sc2api\sc2_action.h">
      <Filter>SC2API</Filter>
    </ClInclude>
    <ClInclude Include="..\..\SDK\s2client-api\include\sc2api\sc2_agent.h">
      <Filter>SC2API</Filter>
    </ClInclude>
    <ClInclude Include="..\..\SDK\s2client-api\include\sc2api\sc2_api.h">
      <Filter>SC2API</Filter>
    </ClInclude>
    <ClInclude Include="..\..\SDK\s2client-api\include\sc2api\sc2_args.h">
      <Filter>SC2API</Filter>
    </ClInclude>
    <ClInclude Include="..\..\SDK\s2client-api\include\sc2api\sc2_client.h">
      <Filter>SC2API</Filter>
    </ClInclude>
    <ClInclude Include="..\..\SDK\s2client-api\include\sc2api\sc2_common.h">
      <Filter>SC2API</Filter>
    </ClInclude>
    <ClInclude Include="..\..\SDK\s2client-api\include\sc2api\sc2_connection.h">
      <Filter>SC2API</Filter>
    </ClInclude>
    <ClInclude Include="..\..\SDK\s2client-api\include\sc2api\sc2_control_interfaces.h">
      <Filter>SC2API</Filter>
    </ClInclude>
    <ClInclude Include="..\..\SDK\s2client-api\include\sc2api\sc2_coordinator.h">
      <Filter>SC2API</Filter>
    </ClInclude>
    <ClInclude Include="..\..\SDK\s2client-api\include\sc2api\sc2_data.h">
      <Filter>SC2API</Filter>
    </ClInclude>
    <ClInclude Include="..\..\SDK\s2client-api\include\sc2api\sc2_game_settings.h">
      <Filter>SC2API</Filter>
    </ClInclude>
    <ClInclude Include="..\..\SDK\s2client-api\include\sc2api\sc2_gametypes.h">
      <Filter>SC2API</Filter>
    </ClInclude>
    <ClInclude Include="..\..\SDK\s2client-api\include\sc2api\sc2_interfaces.h">
      <Filter>SC2API</Filter>
    </ClInclude>
    <ClInclude Include="..\..\SDK\s2client-api\include\sc2api\sc2_map_info.h">
      <Filter>SC2API</Filter>
    </ClInclude>
    <ClInclude Include="..\..\SDK\s2client-api\include\sc2api\sc2_proto_interface.h">
      <Filter>SC2API</Filter>
    </ClInclude>
    <ClInclude Include="..\..\SDK\s2client-api\include\sc2api\sc2_proto_to_pods.h">
      <Filter>SC2API</Filter>
    </ClInclude>
    <ClInclude Include="..\..\SDK\s2client-api\include\sc2api\sc2_replay_observer.h">
      <Filter>SC2API</Filter>
    </ClInclude>
    <ClInclude Include="..\..\SDK\s2client-api\include\sc2api\sc2_score.h">
      <Filter>SC2API</Filter>
    </ClInclude>
    <ClInclude Include="..\..\SDK\s2client-api\include\sc2api\sc2_server.h">
      <Filter>SC2API</Filter>
    </ClInclude>
    <ClInclude Include="..\..\SDK\s2client-api\include\sc2api\sc2_typeenums.h">
      <Filter>SC2API</Filter>
    </ClInclude>
    <ClInclude Include="..\..\SDK\s2client-api\include\sc2api\sc2_types.h">
      <Filter>SC2API</Filter>
    </ClInclude>
    <ClInclude Include="..\..\SDK\s2client-api\include\sc2api\sc2_unit.h">
      <Filter>SC2API</Filter>
    </ClInclude>
    <ClInclude Include="include\vision.h">
      <Filter>Header Files\Systems</Filter>
    </ClInclude>
    <ClInclude Include="include\controllers.h">
      <Filter>Header Files\Systems</Filter>
    </ClInclude>
    <ClInclude Include="include\cache.h">
      <Filter>Header Files</Filter>
    </ClInclude>
    <ClInclude Include="include\hive_config.h">
      <Filter>Header Files</Filter>
    </ClInclude>
    <ClInclude Include="include\chokepoint.h">
      <Filter>Header Files\Map</Filter>
    </ClInclude>
    <ClInclude Include="include\platform_windows.h">
      <Filter>Header Files\Utilities</Filter>
    </ClInclude>
    <ClInclude Include="include\consolelistener.h">
      <Filter>Header Files\Utilities</Filter>
    </ClInclude>
    <ClInclude Include="include\consolewindow_windows.h">
      <Filter>Header Files\Utilities</Filter>
    </ClInclude>
    <ClInclude Include="include\brain_queen.h">
      <Filter>Header Files\Systems</Filter>
    </ClInclude>
    <ClInclude Include="include\brain_creep.h">
      <Filter>Header Files\Systems</Filter>
    </ClInclude>
    <ClInclude Include="include\researcher.h">
      <Filter>Header Files\Systems</Filter>
    </ClInclude>
    <ClInclude Include="include\pathfinding.h">
      <Filter>Header Files\Map</Filter>
    </ClInclude>
    <ClInclude Include="include\hive_minheap.h">
      <Filter>Header Files\Primitives</Filter>
    </ClInclude>
    <ClInclude Include="include\pathing.h">
      <Filter>Header Files\Systems</Filter>
    </ClInclude>
  </ItemGroup>
  <ItemGroup>
    <ClCompile Include="src\stdafx.cpp">
      <Filter>Source Files</Filter>
    </ClCompile>
    <ClCompile Include="src\main.cpp">
      <Filter>Source Files</Filter>
    </ClCompile>
    <ClCompile Include="src\bot.cpp">
      <Filter>Source Files</Filter>
    </ClCompile>
    <ClCompile Include="src\ai_finitestatemachine.cpp">
      <Filter>Source Files\AI Primitives</Filter>
    </ClCompile>
    <ClCompile Include="src\ai_goals.cpp">
      <Filter>Source Files\AI Primitives</Filter>
    </ClCompile>
    <ClCompile Include="src\blob_algo.cpp">
      <Filter>Source Files\Algorithm</Filter>
    </ClCompile>
    <ClCompile Include="src\map.cpp">
      <Filter>Source Files\Brain\Map</Filter>
    </ClCompile>
    <ClCompile Include="src\map_analysis.cpp">
      <Filter>Source Files\Brain\Map</Filter>
    </ClCompile>
    <ClCompile Include="src\console.cpp">
      <Filter>Source Files\Systems</Filter>
    </ClCompile>
    <ClCompile Include="src\messaging.cpp">
      <Filter>Source Files\Systems</Filter>
    </ClCompile>
    <ClCompile Include="src\player.cpp">
      <Filter>Source Files\Systems</Filter>
    </ClCompile>
    <ClCompile Include="src\playermanager.cpp">
      <Filter>Source Files\Systems</Filter>
    </ClCompile>
    <ClCompile Include="src\workers.cpp">
      <Filter>Source Files\Systems</Filter>
    </ClCompile>
    <ClCompile Include="src\exception.cpp">
      <Filter>Source Files\Utilities</Filter>
    </ClCompile>
    <ClCompile Include="src\distancemap.cpp">
      <Filter>Source Files\Algorithm</Filter>
    </ClCompile>
    <ClCompile Include="src\regiongraph.cpp">
      <Filter>Source Files\Brain\Map</Filter>
    </ClCompile>
    <ClCompile Include="src\baselocation.cpp">
      <Filter>Source Files\Systems</Filter>
    </ClCompile>
    <ClCompile Include="src\base.cpp">
      <Filter>Source Files\Systems</Filter>
    </ClCompile>
    <ClCompile Include="src\basemanager.cpp">
      <Filter>Source Files\Systems</Filter>
    </ClCompile>
    <ClCompile Include="src\brain.cpp">
      <Filter>Source Files\Brain</Filter>
    </ClCompile>
    <ClCompile Include="src\brain_economy.cpp">
      <Filter>Source Files\Brain</Filter>
    </ClCompile>
    <ClCompile Include="src\brain_scouting.cpp">
      <Filter>Source Files\Brain</Filter>
    </ClCompile>
    <ClCompile Include="src\intelligence.cpp">
      <Filter>Source Files\Systems</Filter>
    </ClCompile>
    <ClCompile Include="src\ai_fuzzy.cpp">
      <Filter>Source Files\AI Primitives</Filter>
    </ClCompile>
    <ClCompile Include="src\ai_fuzzyoperators.cpp">
      <Filter>Source Files\AI Primitives</Filter>
    </ClCompile>
    <ClCompile Include="src\strategy.cpp">
      <Filter>Source Files\Systems</Filter>
    </ClCompile>
    <ClCompile Include="src\database.cpp">
      <Filter>Source Files</Filter>
    </ClCompile>
    <ClCompile Include="src\builder.cpp">
      <Filter>Source Files\Systems</Filter>
    </ClCompile>
    <ClCompile Include="src\brain_creep.cpp">
      <Filter>Source Files\Brain</Filter>
    </ClCompile>
    <ClCompile Include="src\external\clipper.cpp">
      <Filter>Source Files\Algorithm</Filter>
    </ClCompile>
    <ClCompile Include="src\utilities_internal.cpp">
      <Filter>Source Files\Utilities</Filter>
    </ClCompile>
    <ClCompile Include="src\trainer.cpp">
      <Filter>Source Files\Systems</Filter>
    </ClCompile>
    <ClCompile Include="src\brain_macro.cpp">
      <Filter>Source Files\Brain</Filter>
    </ClCompile>
    <ClCompile Include="src\brain_overlords.cpp">
      <Filter>Source Files\Brain</Filter>
    </ClCompile>
    <ClCompile Include="src\vision.cpp">
      <Filter>Source Files\Systems</Filter>
    </ClCompile>
    <ClCompile Include="src\controller.cpp">
      <Filter>Source Files\Systems</Filter>
    </ClCompile>
    <ClCompile Include="src\database_verify.cpp">
      <Filter>Source Files\Utilities</Filter>
    </ClCompile>
    <ClCompile Include="src\cache.cpp">
      <Filter>Source Files</Filter>
    </ClCompile>
    <ClCompile Include="src\brain_updateharvesters.cpp">
      <Filter>Source Files\Brain</Filter>
    </ClCompile>
    <ClCompile Include="src\debug.cpp">
      <Filter>Source Files\Utilities</Filter>
    </ClCompile>
    <ClCompile Include="src\platform_windows.cpp">
      <Filter>Source Files\Utilities</Filter>
    </ClCompile>
    <ClCompile Include="src\consolewindow_windows.cpp">
      <Filter>Source Files\Utilities</Filter>
    </ClCompile>
    <ClCompile Include="src\brain_queen.cpp">
      <Filter>Source Files\Brain</Filter>
    </ClCompile>
    <ClCompile Include="src\researcher.cpp">
      <Filter>Source Files\Systems</Filter>
    </ClCompile>
    <ClCompile Include="src\pathfinding.cpp">
      <Filter>Source Files\Brain\Map</Filter>
    </ClCompile>
    <ClCompile Include="src\pathing.cpp">
      <Filter>Source Files\Systems</Filter>
    </ClCompile>
  </ItemGroup>
</Project>